// !$*UTF8*$!
{
	archiveVersion = 1;
	classes = {
	};
	objectVersion = 50;
	objects = {

/* Begin PBXBuildFile section */
		80235840247BA255001BDD04 /* TestViewController.swift in Sources */ = {isa = PBXBuildFile; fileRef = 8023583E247BA255001BDD04 /* TestViewController.swift */; };
		80235841247BA256001BDD04 /* TestViewController.xib in Resources */ = {isa = PBXBuildFile; fileRef = 8023583F247BA255001BDD04 /* TestViewController.xib */; };
		80FDD29824654233004C097F /* AppDelegate.swift in Sources */ = {isa = PBXBuildFile; fileRef = 80FDD29724654233004C097F /* AppDelegate.swift */; };
		80FDD29C24654233004C097F /* ViewController.swift in Sources */ = {isa = PBXBuildFile; fileRef = 80FDD29B24654233004C097F /* ViewController.swift */; };
		80FDD2A124654238004C097F /* Assets.xcassets in Resources */ = {isa = PBXBuildFile; fileRef = 80FDD2A024654238004C097F /* Assets.xcassets */; };
		80FDD2A424654238004C097F /* LaunchScreen.storyboard in Resources */ = {isa = PBXBuildFile; fileRef = 80FDD2A224654238004C097F /* LaunchScreen.storyboard */; };
		80FDD2AF24654238004C097F /* SwiftUtilityTests.swift in Sources */ = {isa = PBXBuildFile; fileRef = 80FDD2AE24654238004C097F /* SwiftUtilityTests.swift */; };
		80FDD2BA24654238004C097F /* SwiftUtilityUITests.swift in Sources */ = {isa = PBXBuildFile; fileRef = 80FDD2B924654238004C097F /* SwiftUtilityUITests.swift */; };
		80FDD2C924654286004C097F /* TTUtility.swift in Sources */ = {isa = PBXBuildFile; fileRef = 80FDD2C824654286004C097F /* TTUtility.swift */; };
/* End PBXBuildFile section */

/* Begin PBXContainerItemProxy section */
		80FDD2AB24654238004C097F /* PBXContainerItemProxy */ = {
			isa = PBXContainerItemProxy;
			containerPortal = 80FDD28C24654233004C097F /* Project object */;
			proxyType = 1;
			remoteGlobalIDString = 80FDD29324654233004C097F;
			remoteInfo = SwiftUtility;
		};
		80FDD2B624654238004C097F /* PBXContainerItemProxy */ = {
			isa = PBXContainerItemProxy;
			containerPortal = 80FDD28C24654233004C097F /* Project object */;
			proxyType = 1;
			remoteGlobalIDString = 80FDD29324654233004C097F;
			remoteInfo = SwiftUtility;
		};
/* End PBXContainerItemProxy section */

/* Begin PBXFileReference section */
		8023583E247BA255001BDD04 /* TestViewController.swift */ = {isa = PBXFileReference; lastKnownFileType = sourcecode.swift; path = TestViewController.swift; sourceTree = "<group>"; };
		8023583F247BA255001BDD04 /* TestViewController.xib */ = {isa = PBXFileReference; lastKnownFileType = file.xib; path = TestViewController.xib; sourceTree = "<group>"; };
		80FDD29424654233004C097F /* SwiftUtility.app */ = {isa = PBXFileReference; explicitFileType = wrapper.application; includeInIndex = 0; path = SwiftUtility.app; sourceTree = BUILT_PRODUCTS_DIR; };
		80FDD29724654233004C097F /* AppDelegate.swift */ = {isa = PBXFileReference; lastKnownFileType = sourcecode.swift; path = AppDelegate.swift; sourceTree = "<group>"; };
		80FDD29B24654233004C097F /* ViewController.swift */ = {isa = PBXFileReference; lastKnownFileType = sourcecode.swift; path = ViewController.swift; sourceTree = "<group>"; };
		80FDD2A024654238004C097F /* Assets.xcassets */ = {isa = PBXFileReference; lastKnownFileType = folder.assetcatalog; path = Assets.xcassets; sourceTree = "<group>"; };
		80FDD2A324654238004C097F /* Base */ = {isa = PBXFileReference; lastKnownFileType = file.storyboard; name = Base; path = Base.lproj/LaunchScreen.storyboard; sourceTree = "<group>"; };
		80FDD2A524654238004C097F /* Info.plist */ = {isa = PBXFileReference; lastKnownFileType = text.plist.xml; path = Info.plist; sourceTree = "<group>"; };
		80FDD2AA24654238004C097F /* SwiftUtilityTests.xctest */ = {isa = PBXFileReference; explicitFileType = wrapper.cfbundle; includeInIndex = 0; path = SwiftUtilityTests.xctest; sourceTree = BUILT_PRODUCTS_DIR; };
		80FDD2AE24654238004C097F /* SwiftUtilityTests.swift */ = {isa = PBXFileReference; lastKnownFileType = sourcecode.swift; path = SwiftUtilityTests.swift; sourceTree = "<group>"; };
		80FDD2B024654238004C097F /* Info.plist */ = {isa = PBXFileReference; lastKnownFileType = text.plist.xml; path = Info.plist; sourceTree = "<group>"; };
		80FDD2B524654238004C097F /* SwiftUtilityUITests.xctest */ = {isa = PBXFileReference; explicitFileType = wrapper.cfbundle; includeInIndex = 0; path = SwiftUtilityUITests.xctest; sourceTree = BUILT_PRODUCTS_DIR; };
		80FDD2B924654238004C097F /* SwiftUtilityUITests.swift */ = {isa = PBXFileReference; lastKnownFileType = sourcecode.swift; path = SwiftUtilityUITests.swift; sourceTree = "<group>"; };
		80FDD2BB24654238004C097F /* Info.plist */ = {isa = PBXFileReference; lastKnownFileType = text.plist.xml; path = Info.plist; sourceTree = "<group>"; };
		80FDD2C824654286004C097F /* TTUtility.swift */ = {isa = PBXFileReference; fileEncoding = 4; lastKnownFileType = sourcecode.swift; path = TTUtility.swift; sourceTree = "<group>"; };
/* End PBXFileReference section */

/* Begin PBXFrameworksBuildPhase section */
		80FDD29124654233004C097F /* Frameworks */ = {
			isa = PBXFrameworksBuildPhase;
			buildActionMask = 2147483647;
			files = (
			);
			runOnlyForDeploymentPostprocessing = 0;
		};
		80FDD2A724654238004C097F /* Frameworks */ = {
			isa = PBXFrameworksBuildPhase;
			buildActionMask = 2147483647;
			files = (
			);
			runOnlyForDeploymentPostprocessing = 0;
		};
		80FDD2B224654238004C097F /* Frameworks */ = {
			isa = PBXFrameworksBuildPhase;
			buildActionMask = 2147483647;
			files = (
			);
			runOnlyForDeploymentPostprocessing = 0;
		};
/* End PBXFrameworksBuildPhase section */

/* Begin PBXGroup section */
		80FDD28B24654233004C097F = {
			isa = PBXGroup;
			children = (
				80FDD29624654233004C097F /* SwiftUtility */,
				80FDD2AD24654238004C097F /* SwiftUtilityTests */,
				80FDD2B824654238004C097F /* SwiftUtilityUITests */,
				80FDD29524654233004C097F /* Products */,
			);
			sourceTree = "<group>";
		};
		80FDD29524654233004C097F /* Products */ = {
			isa = PBXGroup;
			children = (
				80FDD29424654233004C097F /* SwiftUtility.app */,
				80FDD2AA24654238004C097F /* SwiftUtilityTests.xctest */,
				80FDD2B524654238004C097F /* SwiftUtilityUITests.xctest */,
			);
			name = Products;
			sourceTree = "<group>";
		};
		80FDD29624654233004C097F /* SwiftUtility */ = {
			isa = PBXGroup;
			children = (
				80FDD2C72465424F004C097F /* TTUtility */,
				80FDD29724654233004C097F /* AppDelegate.swift */,
				80FDD29B24654233004C097F /* ViewController.swift */,
				8023583E247BA255001BDD04 /* TestViewController.swift */,
				8023583F247BA255001BDD04 /* TestViewController.xib */,
				80FDD2A024654238004C097F /* Assets.xcassets */,
				80FDD2A224654238004C097F /* LaunchScreen.storyboard */,
				80FDD2A524654238004C097F /* Info.plist */,
			);
			path = SwiftUtility;
			sourceTree = "<group>";
		};
		80FDD2AD24654238004C097F /* SwiftUtilityTests */ = {
			isa = PBXGroup;
			children = (
				80FDD2AE24654238004C097F /* SwiftUtilityTests.swift */,
				80FDD2B024654238004C097F /* Info.plist */,
			);
			path = SwiftUtilityTests;
			sourceTree = "<group>";
		};
		80FDD2B824654238004C097F /* SwiftUtilityUITests */ = {
			isa = PBXGroup;
			children = (
				80FDD2B924654238004C097F /* SwiftUtilityUITests.swift */,
				80FDD2BB24654238004C097F /* Info.plist */,
			);
			path = SwiftUtilityUITests;
			sourceTree = "<group>";
		};
		80FDD2C72465424F004C097F /* TTUtility */ = {
			isa = PBXGroup;
			children = (
				80FDD2C824654286004C097F /* TTUtility.swift */,
			);
			path = TTUtility;
			sourceTree = "<group>";
		};
/* End PBXGroup section */

/* Begin PBXNativeTarget section */
		80FDD29324654233004C097F /* SwiftUtility */ = {
			isa = PBXNativeTarget;
			buildConfigurationList = 80FDD2BE24654238004C097F /* Build configuration list for PBXNativeTarget "SwiftUtility" */;
			buildPhases = (
				80FDD29024654233004C097F /* Sources */,
				80FDD29124654233004C097F /* Frameworks */,
				80FDD29224654233004C097F /* Resources */,
			);
			buildRules = (
			);
			dependencies = (
			);
			name = SwiftUtility;
			productName = SwiftUtility;
			productReference = 80FDD29424654233004C097F /* SwiftUtility.app */;
			productType = "com.apple.product-type.application";
		};
		80FDD2A924654238004C097F /* SwiftUtilityTests */ = {
			isa = PBXNativeTarget;
			buildConfigurationList = 80FDD2C124654238004C097F /* Build configuration list for PBXNativeTarget "SwiftUtilityTests" */;
			buildPhases = (
				80FDD2A624654238004C097F /* Sources */,
				80FDD2A724654238004C097F /* Frameworks */,
				80FDD2A824654238004C097F /* Resources */,
			);
			buildRules = (
			);
			dependencies = (
				80FDD2AC24654238004C097F /* PBXTargetDependency */,
			);
			name = SwiftUtilityTests;
			productName = SwiftUtilityTests;
			productReference = 80FDD2AA24654238004C097F /* SwiftUtilityTests.xctest */;
			productType = "com.apple.product-type.bundle.unit-test";
		};
		80FDD2B424654238004C097F /* SwiftUtilityUITests */ = {
			isa = PBXNativeTarget;
			buildConfigurationList = 80FDD2C424654238004C097F /* Build configuration list for PBXNativeTarget "SwiftUtilityUITests" */;
			buildPhases = (
				80FDD2B124654238004C097F /* Sources */,
				80FDD2B224654238004C097F /* Frameworks */,
				80FDD2B324654238004C097F /* Resources */,
			);
			buildRules = (
			);
			dependencies = (
				80FDD2B724654238004C097F /* PBXTargetDependency */,
			);
			name = SwiftUtilityUITests;
			productName = SwiftUtilityUITests;
			productReference = 80FDD2B524654238004C097F /* SwiftUtilityUITests.xctest */;
			productType = "com.apple.product-type.bundle.ui-testing";
		};
/* End PBXNativeTarget section */

/* Begin PBXProject section */
		80FDD28C24654233004C097F /* Project object */ = {
			isa = PBXProject;
			attributes = {
				LastSwiftUpdateCheck = 1140;
				LastUpgradeCheck = 1140;
				ORGANIZATIONNAME = tangbowen;
				TargetAttributes = {
					80FDD29324654233004C097F = {
						CreatedOnToolsVersion = 11.4.1;
					};
					80FDD2A924654238004C097F = {
						CreatedOnToolsVersion = 11.4.1;
						TestTargetID = 80FDD29324654233004C097F;
					};
					80FDD2B424654238004C097F = {
						CreatedOnToolsVersion = 11.4.1;
						TestTargetID = 80FDD29324654233004C097F;
					};
				};
			};
			buildConfigurationList = 80FDD28F24654233004C097F /* Build configuration list for PBXProject "SwiftUtility" */;
			compatibilityVersion = "Xcode 9.3";
			developmentRegion = en;
			hasScannedForEncodings = 0;
			knownRegions = (
				en,
				Base,
			);
			mainGroup = 80FDD28B24654233004C097F;
			productRefGroup = 80FDD29524654233004C097F /* Products */;
			projectDirPath = "";
			projectRoot = "";
			targets = (
				80FDD29324654233004C097F /* SwiftUtility */,
				80FDD2A924654238004C097F /* SwiftUtilityTests */,
				80FDD2B424654238004C097F /* SwiftUtilityUITests */,
			);
		};
/* End PBXProject section */

/* Begin PBXResourcesBuildPhase section */
		80FDD29224654233004C097F /* Resources */ = {
			isa = PBXResourcesBuildPhase;
			buildActionMask = 2147483647;
			files = (
				80FDD2A424654238004C097F /* LaunchScreen.storyboard in Resources */,
				80235841247BA256001BDD04 /* TestViewController.xib in Resources */,
				80FDD2A124654238004C097F /* Assets.xcassets in Resources */,
			);
			runOnlyForDeploymentPostprocessing = 0;
		};
		80FDD2A824654238004C097F /* Resources */ = {
			isa = PBXResourcesBuildPhase;
			buildActionMask = 2147483647;
			files = (
			);
			runOnlyForDeploymentPostprocessing = 0;
		};
		80FDD2B324654238004C097F /* Resources */ = {
			isa = PBXResourcesBuildPhase;
			buildActionMask = 2147483647;
			files = (
			);
			runOnlyForDeploymentPostprocessing = 0;
		};
/* End PBXResourcesBuildPhase section */

/* Begin PBXSourcesBuildPhase section */
		80FDD29024654233004C097F /* Sources */ = {
			isa = PBXSourcesBuildPhase;
			buildActionMask = 2147483647;
			files = (
				80FDD29C24654233004C097F /* ViewController.swift in Sources */,
				80FDD29824654233004C097F /* AppDelegate.swift in Sources */,
				80235840247BA255001BDD04 /* TestViewController.swift in Sources */,
				80FDD2C924654286004C097F /* TTUtility.swift in Sources */,
			);
			runOnlyForDeploymentPostprocessing = 0;
		};
		80FDD2A624654238004C097F /* Sources */ = {
			isa = PBXSourcesBuildPhase;
			buildActionMask = 2147483647;
			files = (
				80FDD2AF24654238004C097F /* SwiftUtilityTests.swift in Sources */,
			);
			runOnlyForDeploymentPostprocessing = 0;
		};
		80FDD2B124654238004C097F /* Sources */ = {
			isa = PBXSourcesBuildPhase;
			buildActionMask = 2147483647;
			files = (
				80FDD2BA24654238004C097F /* SwiftUtilityUITests.swift in Sources */,
			);
			runOnlyForDeploymentPostprocessing = 0;
		};
/* End PBXSourcesBuildPhase section */

/* Begin PBXTargetDependency section */
		80FDD2AC24654238004C097F /* PBXTargetDependency */ = {
			isa = PBXTargetDependency;
			target = 80FDD29324654233004C097F /* SwiftUtility */;
			targetProxy = 80FDD2AB24654238004C097F /* PBXContainerItemProxy */;
		};
		80FDD2B724654238004C097F /* PBXTargetDependency */ = {
			isa = PBXTargetDependency;
			target = 80FDD29324654233004C097F /* SwiftUtility */;
			targetProxy = 80FDD2B624654238004C097F /* PBXContainerItemProxy */;
		};
/* End PBXTargetDependency section */

/* Begin PBXVariantGroup section */
		80FDD2A224654238004C097F /* LaunchScreen.storyboard */ = {
			isa = PBXVariantGroup;
			children = (
				80FDD2A324654238004C097F /* Base */,
			);
			name = LaunchScreen.storyboard;
			sourceTree = "<group>";
		};
/* End PBXVariantGroup section */

/* Begin XCBuildConfiguration section */
		80FDD2BC24654238004C097F /* Debug */ = {
			isa = XCBuildConfiguration;
			buildSettings = {
				ALWAYS_SEARCH_USER_PATHS = NO;
				CLANG_ANALYZER_NONNULL = YES;
				CLANG_ANALYZER_NUMBER_OBJECT_CONVERSION = YES_AGGRESSIVE;
				CLANG_CXX_LANGUAGE_STANDARD = "gnu++14";
				CLANG_CXX_LIBRARY = "libc++";
				CLANG_ENABLE_MODULES = YES;
				CLANG_ENABLE_OBJC_ARC = YES;
				CLANG_ENABLE_OBJC_WEAK = YES;
				CLANG_WARN_BLOCK_CAPTURE_AUTORELEASING = YES;
				CLANG_WARN_BOOL_CONVERSION = YES;
				CLANG_WARN_COMMA = YES;
				CLANG_WARN_CONSTANT_CONVERSION = YES;
				CLANG_WARN_DEPRECATED_OBJC_IMPLEMENTATIONS = YES;
				CLANG_WARN_DIRECT_OBJC_ISA_USAGE = YES_ERROR;
				CLANG_WARN_DOCUMENTATION_COMMENTS = YES;
				CLANG_WARN_EMPTY_BODY = YES;
				CLANG_WARN_ENUM_CONVERSION = YES;
				CLANG_WARN_INFINITE_RECURSION = YES;
				CLANG_WARN_INT_CONVERSION = YES;
				CLANG_WARN_NON_LITERAL_NULL_CONVERSION = YES;
				CLANG_WARN_OBJC_IMPLICIT_RETAIN_SELF = YES;
				CLANG_WARN_OBJC_LITERAL_CONVERSION = YES;
				CLANG_WARN_OBJC_ROOT_CLASS = YES_ERROR;
				CLANG_WARN_RANGE_LOOP_ANALYSIS = YES;
				CLANG_WARN_STRICT_PROTOTYPES = YES;
				CLANG_WARN_SUSPICIOUS_MOVE = YES;
				CLANG_WARN_UNGUARDED_AVAILABILITY = YES_AGGRESSIVE;
				CLANG_WARN_UNREACHABLE_CODE = YES;
				CLANG_WARN__DUPLICATE_METHOD_MATCH = YES;
				COPY_PHASE_STRIP = NO;
				DEBUG_INFORMATION_FORMAT = dwarf;
				ENABLE_STRICT_OBJC_MSGSEND = YES;
				ENABLE_TESTABILITY = YES;
				GCC_C_LANGUAGE_STANDARD = gnu11;
				GCC_DYNAMIC_NO_PIC = NO;
				GCC_NO_COMMON_BLOCKS = YES;
				GCC_OPTIMIZATION_LEVEL = 0;
				GCC_PREPROCESSOR_DEFINITIONS = (
					"DEBUG=1",
					"$(inherited)",
				);
				GCC_WARN_64_TO_32_BIT_CONVERSION = YES;
				GCC_WARN_ABOUT_RETURN_TYPE = YES_ERROR;
				GCC_WARN_UNDECLARED_SELECTOR = YES;
				GCC_WARN_UNINITIALIZED_AUTOS = YES_AGGRESSIVE;
				GCC_WARN_UNUSED_FUNCTION = YES;
				GCC_WARN_UNUSED_VARIABLE = YES;
				IPHONEOS_DEPLOYMENT_TARGET = 13.4;
				MTL_ENABLE_DEBUG_INFO = INCLUDE_SOURCE;
				MTL_FAST_MATH = YES;
				ONLY_ACTIVE_ARCH = YES;
				SDKROOT = iphoneos;
				SWIFT_ACTIVE_COMPILATION_CONDITIONS = DEBUG;
				SWIFT_OPTIMIZATION_LEVEL = "-Onone";
			};
			name = Debug;
		};
		80FDD2BD24654238004C097F /* Release */ = {
			isa = XCBuildConfiguration;
			buildSettings = {
				ALWAYS_SEARCH_USER_PATHS = NO;
				CLANG_ANALYZER_NONNULL = YES;
				CLANG_ANALYZER_NUMBER_OBJECT_CONVERSION = YES_AGGRESSIVE;
				CLANG_CXX_LANGUAGE_STANDARD = "gnu++14";
				CLANG_CXX_LIBRARY = "libc++";
				CLANG_ENABLE_MODULES = YES;
				CLANG_ENABLE_OBJC_ARC = YES;
				CLANG_ENABLE_OBJC_WEAK = YES;
				CLANG_WARN_BLOCK_CAPTURE_AUTORELEASING = YES;
				CLANG_WARN_BOOL_CONVERSION = YES;
				CLANG_WARN_COMMA = YES;
				CLANG_WARN_CONSTANT_CONVERSION = YES;
				CLANG_WARN_DEPRECATED_OBJC_IMPLEMENTATIONS = YES;
				CLANG_WARN_DIRECT_OBJC_ISA_USAGE = YES_ERROR;
				CLANG_WARN_DOCUMENTATION_COMMENTS = YES;
				CLANG_WARN_EMPTY_BODY = YES;
				CLANG_WARN_ENUM_CONVERSION = YES;
				CLANG_WARN_INFINITE_RECURSION = YES;
				CLANG_WARN_INT_CONVERSION = YES;
				CLANG_WARN_NON_LITERAL_NULL_CONVERSION = YES;
				CLANG_WARN_OBJC_IMPLICIT_RETAIN_SELF = YES;
				CLANG_WARN_OBJC_LITERAL_CONVERSION = YES;
				CLANG_WARN_OBJC_ROOT_CLASS = YES_ERROR;
				CLANG_WARN_RANGE_LOOP_ANALYSIS = YES;
				CLANG_WARN_STRICT_PROTOTYPES = YES;
				CLANG_WARN_SUSPICIOUS_MOVE = YES;
				CLANG_WARN_UNGUARDED_AVAILABILITY = YES_AGGRESSIVE;
				CLANG_WARN_UNREACHABLE_CODE = YES;
				CLANG_WARN__DUPLICATE_METHOD_MATCH = YES;
				COPY_PHASE_STRIP = NO;
				DEBUG_INFORMATION_FORMAT = "dwarf-with-dsym";
				ENABLE_NS_ASSERTIONS = NO;
				ENABLE_STRICT_OBJC_MSGSEND = YES;
				GCC_C_LANGUAGE_STANDARD = gnu11;
				GCC_NO_COMMON_BLOCKS = YES;
				GCC_WARN_64_TO_32_BIT_CONVERSION = YES;
				GCC_WARN_ABOUT_RETURN_TYPE = YES_ERROR;
				GCC_WARN_UNDECLARED_SELECTOR = YES;
				GCC_WARN_UNINITIALIZED_AUTOS = YES_AGGRESSIVE;
				GCC_WARN_UNUSED_FUNCTION = YES;
				GCC_WARN_UNUSED_VARIABLE = YES;
				IPHONEOS_DEPLOYMENT_TARGET = 13.4;
				MTL_ENABLE_DEBUG_INFO = NO;
				MTL_FAST_MATH = YES;
				SDKROOT = iphoneos;
				SWIFT_COMPILATION_MODE = wholemodule;
				SWIFT_OPTIMIZATION_LEVEL = "-O";
				VALIDATE_PRODUCT = YES;
			};
			name = Release;
		};
		80FDD2BF24654238004C097F /* Debug */ = {
			isa = XCBuildConfiguration;
			buildSettings = {
				ASSETCATALOG_COMPILER_APPICON_NAME = AppIcon;
				CODE_SIGN_STYLE = Automatic;
				DEVELOPMENT_TEAM = 6SU7A8H23Y;
				INFOPLIST_FILE = SwiftUtility/Info.plist;
				LD_RUNPATH_SEARCH_PATHS = (
					"$(inherited)",
					"@executable_path/Frameworks",
				);
				PRODUCT_BUNDLE_IDENTIFIER = com.eagle.SwiftUtility;
				PRODUCT_NAME = "$(TARGET_NAME)";
				SWIFT_VERSION = 5.0;
				TARGETED_DEVICE_FAMILY = "1,2";
			};
			name = Debug;
		};
		80FDD2C024654238004C097F /* Release */ = {
			isa = XCBuildConfiguration;
			buildSettings = {
				ASSETCATALOG_COMPILER_APPICON_NAME = AppIcon;
				CODE_SIGN_STYLE = Automatic;
				DEVELOPMENT_TEAM = 6SU7A8H23Y;
				INFOPLIST_FILE = SwiftUtility/Info.plist;
				LD_RUNPATH_SEARCH_PATHS = (
					"$(inherited)",
					"@executable_path/Frameworks",
				);
				PRODUCT_BUNDLE_IDENTIFIER = com.eagle.SwiftUtility;
				PRODUCT_NAME = "$(TARGET_NAME)";
				SWIFT_VERSION = 5.0;
				TARGETED_DEVICE_FAMILY = "1,2";
			};
			name = Release;
		};
		80FDD2C224654238004C097F /* Debug */ = {
			isa = XCBuildConfiguration;
			buildSettings = {
				ALWAYS_EMBED_SWIFT_STANDARD_LIBRARIES = YES;
				BUNDLE_LOADER = "$(TEST_HOST)";
				CODE_SIGN_STYLE = Automatic;
				DEVELOPMENT_TEAM = 6SU7A8H23Y;
				INFOPLIST_FILE = SwiftUtilityTests/Info.plist;
				IPHONEOS_DEPLOYMENT_TARGET = 13.4;
				LD_RUNPATH_SEARCH_PATHS = (
					"$(inherited)",
					"@executable_path/Frameworks",
					"@loader_path/Frameworks",
				);
				PRODUCT_BUNDLE_IDENTIFIER = com.eagle.SwiftUtility.SwiftUtilityTests;
				PRODUCT_NAME = "$(TARGET_NAME)";
				SWIFT_VERSION = 5.0;
				TARGETED_DEVICE_FAMILY = "1,2";
				TEST_HOST = "$(BUILT_PRODUCTS_DIR)/SwiftUtility.app/SwiftUtility";
			};
			name = Debug;
		};
		80FDD2C324654238004C097F /* Release */ = {
			isa = XCBuildConfiguration;
			buildSettings = {
				ALWAYS_EMBED_SWIFT_STANDARD_LIBRARIES = YES;
				BUNDLE_LOADER = "$(TEST_HOST)";
				CODE_SIGN_STYLE = Automatic;
				DEVELOPMENT_TEAM = 6SU7A8H23Y;
				INFOPLIST_FILE = SwiftUtilityTests/Info.plist;
				IPHONEOS_DEPLOYMENT_TARGET = 13.4;
				LD_RUNPATH_SEARCH_PATHS = (
					"$(inherited)",
					"@executable_path/Frameworks",
					"@loader_path/Frameworks",
				);
				PRODUCT_BUNDLE_IDENTIFIER = com.eagle.SwiftUtility.SwiftUtilityTests;
				PRODUCT_NAME = "$(TARGET_NAME)";
				SWIFT_VERSION = 5.0;
				TARGETED_DEVICE_FAMILY = "1,2";
				TEST_HOST = "$(BUILT_PRODUCTS_DIR)/SwiftUtility.app/SwiftUtility";
			};
			name = Release;
		};
		80FDD2C524654238004C097F /* Debug */ = {
			isa = XCBuildConfiguration;
			buildSettings = {
				ALWAYS_EMBED_SWIFT_STANDARD_LIBRARIES = YES;
				CODE_SIGN_STYLE = Automatic;
				DEVELOPMENT_TEAM = 6SU7A8H23Y;
				INFOPLIST_FILE = SwiftUtilityUITests/Info.plist;
				LD_RUNPATH_SEARCH_PATHS = (
					"$(inherited)",
					"@executable_path/Frameworks",
					"@loader_path/Frameworks",
				);
				PRODUCT_BUNDLE_IDENTIFIER = com.eagle.SwiftUtility.SwiftUtilityUITests;
				PRODUCT_NAME = "$(TARGET_NAME)";
				SWIFT_VERSION = 5.0;
				TARGETED_DEVICE_FAMILY = "1,2";
				TEST_TARGET_NAME = SwiftUtility;
			};
			name = Debug;
		};
		80FDD2C624654238004C097F /* Release */ = {
			isa = XCBuildConfiguration;
			buildSettings = {
				ALWAYS_EMBED_SWIFT_STANDARD_LIBRARIES = YES;
				CODE_SIGN_STYLE = Automatic;
				DEVELOPMENT_TEAM = 6SU7A8H23Y;
				INFOPLIST_FILE = SwiftUtilityUITests/Info.plist;
				LD_RUNPATH_SEARCH_PATHS = (
					"$(inherited)",
					"@executable_path/Frameworks",
					"@loader_path/Frameworks",
				);
				PRODUCT_BUNDLE_IDENTIFIER = com.eagle.SwiftUtility.SwiftUtilityUITests;
				PRODUCT_NAME = "$(TARGET_NAME)";
				SWIFT_VERSION = 5.0;
				TARGETED_DEVICE_FAMILY = "1,2";
				TEST_TARGET_NAME = SwiftUtility;
			};
			name = Release;
		};
/* End XCBuildConfiguration section */

/* Begin XCConfigurationList section */
		80FDD28F24654233004C097F /* Build configuration list for PBXProject "SwiftUtility" */ = {
			isa = XCConfigurationList;
			buildConfigurations = (
				80FDD2BC24654238004C097F /* Debug */,
				80FDD2BD24654238004C097F /* Release */,
			);
			defaultConfigurationIsVisible = 0;
			defaultConfigurationName = Release;
		};
		80FDD2BE24654238004C097F /* Build configuration list for PBXNativeTarget "SwiftUtility" */ = {
			isa = XCConfigurationList;
			buildConfigurations = (
				80FDD2BF24654238004C097F /* Debug */,
				80FDD2C024654238004C097F /* Release */,
			);
			defaultConfigurationIsVisible = 0;
			defaultConfigurationName = Release;
		};
		80FDD2C124654238004C097F /* Build configuration list for PBXNativeTarget "SwiftUtilityTests" */ = {
			isa = XCConfigurationList;
			buildConfigurations = (
				80FDD2C224654238004C097F /* Debug */,
				80FDD2C324654238004C097F /* Release */,
			);
			defaultConfigurationIsVisible = 0;
			defaultConfigurationName = Release;
		};
		80FDD2C424654238004C097F /* Build configuration list for PBXNativeTarget "SwiftUtilityUITests" */ = {
			isa = XCConfigurationList;
			buildConfigurations = (
				80FDD2C524654238004C097F /* Debug */,
				80FDD2C624654238004C097F /* Release */,
			);
			defaultConfigurationIsVisible = 0;
			defaultConfigurationName = Release;
		};
/* End XCConfigurationList section */
	};
	rootObject = 80FDD28C24654233004C097F /* Project object */;
}
