// !$*UTF8*$!
{
	archiveVersion = 1;
	classes = {
	};
	objectVersion = 50;
	objects = {

/* Begin PBXBuildFile section */
		919222CB245F199E0098982F /* AppDelegate.swift in Sources */ = {isa = PBXBuildFile; fileRef = 919222CA245F199E0098982F /* AppDelegate.swift */; };
		919222CD245F199E0098982F /* SceneDelegate.swift in Sources */ = {isa = PBXBuildFile; fileRef = 919222CC245F199E0098982F /* SceneDelegate.swift */; };
		919222CF245F199E0098982F /* ViewController.swift in Sources */ = {isa = PBXBuildFile; fileRef = 919222CE245F199E0098982F /* ViewController.swift */; };
		919222D2245F199E0098982F /* Main.storyboard in Resources */ = {isa = PBXBuildFile; fileRef = 919222D0245F199E0098982F /* Main.storyboard */; };
		919222D4245F199F0098982F /* Assets.xcassets in Resources */ = {isa = PBXBuildFile; fileRef = 919222D3245F199F0098982F /* Assets.xcassets */; };
		919222D7245F199F0098982F /* LaunchScreen.storyboard in Resources */ = {isa = PBXBuildFile; fileRef = 919222D5245F199F0098982F /* LaunchScreen.storyboard */; };
		919222E2245F199F0098982F /* SwiftUtilityTests.swift in Sources */ = {isa = PBXBuildFile; fileRef = 919222E1245F199F0098982F /* SwiftUtilityTests.swift */; };
		919222ED245F199F0098982F /* SwiftUtilityUITests.swift in Sources */ = {isa = PBXBuildFile; fileRef = 919222EC245F199F0098982F /* SwiftUtilityUITests.swift */; };
		919222FC245F19F20098982F /* TTUtility.swift in Sources */ = {isa = PBXBuildFile; fileRef = 919222FB245F19F20098982F /* TTUtility.swift */; };
/* End PBXBuildFile section */

/* Begin PBXContainerItemProxy section */
		919222DE245F199F0098982F /* PBXContainerItemProxy */ = {
			isa = PBXContainerItemProxy;
			containerPortal = 919222BF245F199E0098982F /* Project object */;
			proxyType = 1;
			remoteGlobalIDString = 919222C6245F199E0098982F;
			remoteInfo = SwiftUtility;
		};
		919222E9245F199F0098982F /* PBXContainerItemProxy */ = {
			isa = PBXContainerItemProxy;
			containerPortal = 919222BF245F199E0098982F /* Project object */;
			proxyType = 1;
			remoteGlobalIDString = 919222C6245F199E0098982F;
			remoteInfo = SwiftUtility;
		};
/* End PBXContainerItemProxy section */

/* Begin PBXFileReference section */
		919222C7245F199E0098982F /* SwiftUtility.app */ = {isa = PBXFileReference; explicitFileType = wrapper.application; includeInIndex = 0; path = SwiftUtility.app; sourceTree = BUILT_PRODUCTS_DIR; };
		919222CA245F199E0098982F /* AppDelegate.swift */ = {isa = PBXFileReference; lastKnownFileType = sourcecode.swift; path = AppDelegate.swift; sourceTree = "<group>"; };
		919222CC245F199E0098982F /* SceneDelegate.swift */ = {isa = PBXFileReference; lastKnownFileType = sourcecode.swift; path = SceneDelegate.swift; sourceTree = "<group>"; };
		919222CE245F199E0098982F /* ViewController.swift */ = {isa = PBXFileReference; lastKnownFileType = sourcecode.swift; path = ViewController.swift; sourceTree = "<group>"; };
		919222D1245F199E0098982F /* Base */ = {isa = PBXFileReference; lastKnownFileType = file.storyboard; name = Base; path = Base.lproj/Main.storyboard; sourceTree = "<group>"; };
		919222D3245F199F0098982F /* Assets.xcassets */ = {isa = PBXFileReference; lastKnownFileType = folder.assetcatalog; path = Assets.xcassets; sourceTree = "<group>"; };
		919222D6245F199F0098982F /* Base */ = {isa = PBXFileReference; lastKnownFileType = file.storyboard; name = Base; path = Base.lproj/LaunchScreen.storyboard; sourceTree = "<group>"; };
		919222D8245F199F0098982F /* Info.plist */ = {isa = PBXFileReference; lastKnownFileType = text.plist.xml; path = Info.plist; sourceTree = "<group>"; };
		919222DD245F199F0098982F /* SwiftUtilityTests.xctest */ = {isa = PBXFileReference; explicitFileType = wrapper.cfbundle; includeInIndex = 0; path = SwiftUtilityTests.xctest; sourceTree = BUILT_PRODUCTS_DIR; };
		919222E1245F199F0098982F /* SwiftUtilityTests.swift */ = {isa = PBXFileReference; lastKnownFileType = sourcecode.swift; path = SwiftUtilityTests.swift; sourceTree = "<group>"; };
		919222E3245F199F0098982F /* Info.plist */ = {isa = PBXFileReference; lastKnownFileType = text.plist.xml; path = Info.plist; sourceTree = "<group>"; };
		919222E8245F199F0098982F /* SwiftUtilityUITests.xctest */ = {isa = PBXFileReference; explicitFileType = wrapper.cfbundle; includeInIndex = 0; path = SwiftUtilityUITests.xctest; sourceTree = BUILT_PRODUCTS_DIR; };
		919222EC245F199F0098982F /* SwiftUtilityUITests.swift */ = {isa = PBXFileReference; lastKnownFileType = sourcecode.swift; path = SwiftUtilityUITests.swift; sourceTree = "<group>"; };
		919222EE245F199F0098982F /* Info.plist */ = {isa = PBXFileReference; lastKnownFileType = text.plist.xml; path = Info.plist; sourceTree = "<group>"; };
		919222FB245F19F20098982F /* TTUtility.swift */ = {isa = PBXFileReference; fileEncoding = 4; lastKnownFileType = sourcecode.swift; path = TTUtility.swift; sourceTree = "<group>"; };
/* End PBXFileReference section */

/* Begin PBXFrameworksBuildPhase section */
		919222C4245F199E0098982F /* Frameworks */ = {
			isa = PBXFrameworksBuildPhase;
			buildActionMask = 2147483647;
			files = (
			);
			runOnlyForDeploymentPostprocessing = 0;
		};
		919222DA245F199F0098982F /* Frameworks */ = {
			isa = PBXFrameworksBuildPhase;
			buildActionMask = 2147483647;
			files = (
			);
			runOnlyForDeploymentPostprocessing = 0;
		};
		919222E5245F199F0098982F /* Frameworks */ = {
			isa = PBXFrameworksBuildPhase;
			buildActionMask = 2147483647;
			files = (
			);
			runOnlyForDeploymentPostprocessing = 0;
		};
/* End PBXFrameworksBuildPhase section */

/* Begin PBXGroup section */
		919222BE245F199E0098982F = {
			isa = PBXGroup;
			children = (
				919222C9245F199E0098982F /* SwiftUtility */,
				919222E0245F199F0098982F /* SwiftUtilityTests */,
				919222EB245F199F0098982F /* SwiftUtilityUITests */,
				919222C8245F199E0098982F /* Products */,
			);
			sourceTree = "<group>";
		};
		919222C8245F199E0098982F /* Products */ = {
			isa = PBXGroup;
			children = (
				919222C7245F199E0098982F /* SwiftUtility.app */,
				919222DD245F199F0098982F /* SwiftUtilityTests.xctest */,
				919222E8245F199F0098982F /* SwiftUtilityUITests.xctest */,
			);
			name = Products;
			sourceTree = "<group>";
		};
		919222C9245F199E0098982F /* SwiftUtility */ = {
			isa = PBXGroup;
			children = (
				919222FA245F19D40098982F /* TTUtility */,
				919222CA245F199E0098982F /* AppDelegate.swift */,
				919222CC245F199E0098982F /* SceneDelegate.swift */,
				919222CE245F199E0098982F /* ViewController.swift */,
				919222D0245F199E0098982F /* Main.storyboard */,
				919222D3245F199F0098982F /* Assets.xcassets */,
				919222D5245F199F0098982F /* LaunchScreen.storyboard */,
				919222D8245F199F0098982F /* Info.plist */,
			);
			path = SwiftUtility;
			sourceTree = "<group>";
		};
		919222E0245F199F0098982F /* SwiftUtilityTests */ = {
			isa = PBXGroup;
			children = (
				919222E1245F199F0098982F /* SwiftUtilityTests.swift */,
				919222E3245F199F0098982F /* Info.plist */,
			);
			path = SwiftUtilityTests;
			sourceTree = "<group>";
		};
		919222EB245F199F0098982F /* SwiftUtilityUITests */ = {
			isa = PBXGroup;
			children = (
				919222EC245F199F0098982F /* SwiftUtilityUITests.swift */,
				919222EE245F199F0098982F /* Info.plist */,
			);
			path = SwiftUtilityUITests;
			sourceTree = "<group>";
		};
		919222FA245F19D40098982F /* TTUtility */ = {
			isa = PBXGroup;
			children = (
				919222FB245F19F20098982F /* TTUtility.swift */,
			);
			path = TTUtility;
			sourceTree = "<group>";
		};
/* End PBXGroup section */

/* Begin PBXNativeTarget section */
		919222C6245F199E0098982F /* SwiftUtility */ = {
			isa = PBXNativeTarget;
			buildConfigurationList = 919222F1245F199F0098982F /* Build configuration list for PBXNativeTarget "SwiftUtility" */;
			buildPhases = (
				919222C3245F199E0098982F /* Sources */,
				919222C4245F199E0098982F /* Frameworks */,
				919222C5245F199E0098982F /* Resources */,
			);
			buildRules = (
			);
			dependencies = (
			);
			name = SwiftUtility;
			productName = SwiftUtility;
			productReference = 919222C7245F199E0098982F /* SwiftUtility.app */;
			productType = "com.apple.product-type.application";
		};
		919222DC245F199F0098982F /* SwiftUtilityTests */ = {
			isa = PBXNativeTarget;
			buildConfigurationList = 919222F4245F199F0098982F /* Build configuration list for PBXNativeTarget "SwiftUtilityTests" */;
			buildPhases = (
				919222D9245F199F0098982F /* Sources */,
				919222DA245F199F0098982F /* Frameworks */,
				919222DB245F199F0098982F /* Resources */,
			);
			buildRules = (
			);
			dependencies = (
				919222DF245F199F0098982F /* PBXTargetDependency */,
			);
			name = SwiftUtilityTests;
			productName = SwiftUtilityTests;
			productReference = 919222DD245F199F0098982F /* SwiftUtilityTests.xctest */;
			productType = "com.apple.product-type.bundle.unit-test";
		};
		919222E7245F199F0098982F /* SwiftUtilityUITests */ = {
			isa = PBXNativeTarget;
			buildConfigurationList = 919222F7245F199F0098982F /* Build configuration list for PBXNativeTarget "SwiftUtilityUITests" */;
			buildPhases = (
				919222E4245F199F0098982F /* Sources */,
				919222E5245F199F0098982F /* Frameworks */,
				919222E6245F199F0098982F /* Resources */,
			);
			buildRules = (
			);
			dependencies = (
				919222EA245F199F0098982F /* PBXTargetDependency */,
			);
			name = SwiftUtilityUITests;
			productName = SwiftUtilityUITests;
			productReference = 919222E8245F199F0098982F /* SwiftUtilityUITests.xctest */;
			productType = "com.apple.product-type.bundle.ui-testing";
		};
/* End PBXNativeTarget section */

/* Begin PBXProject section */
		919222BF245F199E0098982F /* Project object */ = {
			isa = PBXProject;
			attributes = {
				LastSwiftUpdateCheck = 1130;
				LastUpgradeCheck = 1130;
				ORGANIZATIONNAME = eagle;
				TargetAttributes = {
					919222C6245F199E0098982F = {
						CreatedOnToolsVersion = 11.3.1;
					};
					919222DC245F199F0098982F = {
						CreatedOnToolsVersion = 11.3.1;
						TestTargetID = 919222C6245F199E0098982F;
					};
					919222E7245F199F0098982F = {
						CreatedOnToolsVersion = 11.3.1;
						TestTargetID = 919222C6245F199E0098982F;
					};
				};
			};
			buildConfigurationList = 919222C2245F199E0098982F /* Build configuration list for PBXProject "SwiftUtility" */;
			compatibilityVersion = "Xcode 9.3";
			developmentRegion = en;
			hasScannedForEncodings = 0;
			knownRegions = (
				en,
				Base,
			);
			mainGroup = 919222BE245F199E0098982F;
			productRefGroup = 919222C8245F199E0098982F /* Products */;
			projectDirPath = "";
			projectRoot = "";
			targets = (
				919222C6245F199E0098982F /* SwiftUtility */,
				919222DC245F199F0098982F /* SwiftUtilityTests */,
				919222E7245F199F0098982F /* SwiftUtilityUITests */,
			);
		};
/* End PBXProject section */

/* Begin PBXResourcesBuildPhase section */
		919222C5245F199E0098982F /* Resources */ = {
			isa = PBXResourcesBuildPhase;
			buildActionMask = 2147483647;
			files = (
				919222D7245F199F0098982F /* LaunchScreen.storyboard in Resources */,
				919222D4245F199F0098982F /* Assets.xcassets in Resources */,
				919222D2245F199E0098982F /* Main.storyboard in Resources */,
			);
			runOnlyForDeploymentPostprocessing = 0;
		};
		919222DB245F199F0098982F /* Resources */ = {
			isa = PBXResourcesBuildPhase;
			buildActionMask = 2147483647;
			files = (
			);
			runOnlyForDeploymentPostprocessing = 0;
		};
		919222E6245F199F0098982F /* Resources */ = {
			isa = PBXResourcesBuildPhase;
			buildActionMask = 2147483647;
			files = (
			);
			runOnlyForDeploymentPostprocessing = 0;
		};
/* End PBXResourcesBuildPhase section */

/* Begin PBXSourcesBuildPhase section */
		919222C3245F199E0098982F /* Sources */ = {
			isa = PBXSourcesBuildPhase;
			buildActionMask = 2147483647;
			files = (
				919222CF245F199E0098982F /* ViewController.swift in Sources */,
				919222CB245F199E0098982F /* AppDelegate.swift in Sources */,
				919222FC245F19F20098982F /* TTUtility.swift in Sources */,
				919222CD245F199E0098982F /* SceneDelegate.swift in Sources */,
			);
			runOnlyForDeploymentPostprocessing = 0;
		};
		919222D9245F199F0098982F /* Sources */ = {
			isa = PBXSourcesBuildPhase;
			buildActionMask = 2147483647;
			files = (
				919222E2245F199F0098982F /* SwiftUtilityTests.swift in Sources */,
			);
			runOnlyForDeploymentPostprocessing = 0;
		};
		919222E4245F199F0098982F /* Sources */ = {
			isa = PBXSourcesBuildPhase;
			buildActionMask = 2147483647;
			files = (
				919222ED245F199F0098982F /* SwiftUtilityUITests.swift in Sources */,
			);
			runOnlyForDeploymentPostprocessing = 0;
		};
/* End PBXSourcesBuildPhase section */

/* Begin PBXTargetDependency section */
		919222DF245F199F0098982F /* PBXTargetDependency */ = {
			isa = PBXTargetDependency;
			target = 919222C6245F199E0098982F /* SwiftUtility */;
			targetProxy = 919222DE245F199F0098982F /* PBXContainerItemProxy */;
		};
		919222EA245F199F0098982F /* PBXTargetDependency */ = {
			isa = PBXTargetDependency;
			target = 919222C6245F199E0098982F /* SwiftUtility */;
			targetProxy = 919222E9245F199F0098982F /* PBXContainerItemProxy */;
		};
/* End PBXTargetDependency section */

/* Begin PBXVariantGroup section */
		919222D0245F199E0098982F /* Main.storyboard */ = {
			isa = PBXVariantGroup;
			children = (
				919222D1245F199E0098982F /* Base */,
			);
			name = Main.storyboard;
			sourceTree = "<group>";
		};
		919222D5245F199F0098982F /* LaunchScreen.storyboard */ = {
			isa = PBXVariantGroup;
			children = (
				919222D6245F199F0098982F /* Base */,
			);
			name = LaunchScreen.storyboard;
			sourceTree = "<group>";
		};
/* End PBXVariantGroup section */

/* Begin XCBuildConfiguration section */
		919222EF245F199F0098982F /* Debug */ = {
			isa = XCBuildConfiguration;
			buildSettings = {
				ALWAYS_SEARCH_USER_PATHS = NO;
				CLANG_ANALYZER_NONNULL = YES;
				CLANG_ANALYZER_NUMBER_OBJECT_CONVERSION = YES_AGGRESSIVE;
				CLANG_CXX_LANGUAGE_STANDARD = "gnu++14";
				CLANG_CXX_LIBRARY = "libc++";
				CLANG_ENABLE_MODULES = YES;
				CLANG_ENABLE_OBJC_ARC = YES;
				CLANG_ENABLE_OBJC_WEAK = YES;
				CLANG_WARN_BLOCK_CAPTURE_AUTORELEASING = YES;
				CLANG_WARN_BOOL_CONVERSION = YES;
				CLANG_WARN_COMMA = YES;
				CLANG_WARN_CONSTANT_CONVERSION = YES;
				CLANG_WARN_DEPRECATED_OBJC_IMPLEMENTATIONS = YES;
				CLANG_WARN_DIRECT_OBJC_ISA_USAGE = YES_ERROR;
				CLANG_WARN_DOCUMENTATION_COMMENTS = YES;
				CLANG_WARN_EMPTY_BODY = YES;
				CLANG_WARN_ENUM_CONVERSION = YES;
				CLANG_WARN_INFINITE_RECURSION = YES;
				CLANG_WARN_INT_CONVERSION = YES;
				CLANG_WARN_NON_LITERAL_NULL_CONVERSION = YES;
				CLANG_WARN_OBJC_IMPLICIT_RETAIN_SELF = YES;
				CLANG_WARN_OBJC_LITERAL_CONVERSION = YES;
				CLANG_WARN_OBJC_ROOT_CLASS = YES_ERROR;
				CLANG_WARN_RANGE_LOOP_ANALYSIS = YES;
				CLANG_WARN_STRICT_PROTOTYPES = YES;
				CLANG_WARN_SUSPICIOUS_MOVE = YES;
				CLANG_WARN_UNGUARDED_AVAILABILITY = YES_AGGRESSIVE;
				CLANG_WARN_UNREACHABLE_CODE = YES;
				CLANG_WARN__DUPLICATE_METHOD_MATCH = YES;
				COPY_PHASE_STRIP = NO;
				DEBUG_INFORMATION_FORMAT = dwarf;
				ENABLE_STRICT_OBJC_MSGSEND = YES;
				ENABLE_TESTABILITY = YES;
				GCC_C_LANGUAGE_STANDARD = gnu11;
				GCC_DYNAMIC_NO_PIC = NO;
				GCC_NO_COMMON_BLOCKS = YES;
				GCC_OPTIMIZATION_LEVEL = 0;
				GCC_PREPROCESSOR_DEFINITIONS = (
					"DEBUG=1",
					"$(inherited)",
				);
				GCC_WARN_64_TO_32_BIT_CONVERSION = YES;
				GCC_WARN_ABOUT_RETURN_TYPE = YES_ERROR;
				GCC_WARN_UNDECLARED_SELECTOR = YES;
				GCC_WARN_UNINITIALIZED_AUTOS = YES_AGGRESSIVE;
				GCC_WARN_UNUSED_FUNCTION = YES;
				GCC_WARN_UNUSED_VARIABLE = YES;
				IPHONEOS_DEPLOYMENT_TARGET = 13.2;
				MTL_ENABLE_DEBUG_INFO = INCLUDE_SOURCE;
				MTL_FAST_MATH = YES;
				ONLY_ACTIVE_ARCH = YES;
				SDKROOT = iphoneos;
				SWIFT_ACTIVE_COMPILATION_CONDITIONS = DEBUG;
				SWIFT_OPTIMIZATION_LEVEL = "-Onone";
			};
			name = Debug;
		};
		919222F0245F199F0098982F /* Release */ = {
			isa = XCBuildConfiguration;
			buildSettings = {
				ALWAYS_SEARCH_USER_PATHS = NO;
				CLANG_ANALYZER_NONNULL = YES;
				CLANG_ANALYZER_NUMBER_OBJECT_CONVERSION = YES_AGGRESSIVE;
				CLANG_CXX_LANGUAGE_STANDARD = "gnu++14";
				CLANG_CXX_LIBRARY = "libc++";
				CLANG_ENABLE_MODULES = YES;
				CLANG_ENABLE_OBJC_ARC = YES;
				CLANG_ENABLE_OBJC_WEAK = YES;
				CLANG_WARN_BLOCK_CAPTURE_AUTORELEASING = YES;
				CLANG_WARN_BOOL_CONVERSION = YES;
				CLANG_WARN_COMMA = YES;
				CLANG_WARN_CONSTANT_CONVERSION = YES;
				CLANG_WARN_DEPRECATED_OBJC_IMPLEMENTATIONS = YES;
				CLANG_WARN_DIRECT_OBJC_ISA_USAGE = YES_ERROR;
				CLANG_WARN_DOCUMENTATION_COMMENTS = YES;
				CLANG_WARN_EMPTY_BODY = YES;
				CLANG_WARN_ENUM_CONVERSION = YES;
				CLANG_WARN_INFINITE_RECURSION = YES;
				CLANG_WARN_INT_CONVERSION = YES;
				CLANG_WARN_NON_LITERAL_NULL_CONVERSION = YES;
				CLANG_WARN_OBJC_IMPLICIT_RETAIN_SELF = YES;
				CLANG_WARN_OBJC_LITERAL_CONVERSION = YES;
				CLANG_WARN_OBJC_ROOT_CLASS = YES_ERROR;
				CLANG_WARN_RANGE_LOOP_ANALYSIS = YES;
				CLANG_WARN_STRICT_PROTOTYPES = YES;
				CLANG_WARN_SUSPICIOUS_MOVE = YES;
				CLANG_WARN_UNGUARDED_AVAILABILITY = YES_AGGRESSIVE;
				CLANG_WARN_UNREACHABLE_CODE = YES;
				CLANG_WARN__DUPLICATE_METHOD_MATCH = YES;
				COPY_PHASE_STRIP = NO;
				DEBUG_INFORMATION_FORMAT = "dwarf-with-dsym";
				ENABLE_NS_ASSERTIONS = NO;
				ENABLE_STRICT_OBJC_MSGSEND = YES;
				GCC_C_LANGUAGE_STANDARD = gnu11;
				GCC_NO_COMMON_BLOCKS = YES;
				GCC_WARN_64_TO_32_BIT_CONVERSION = YES;
				GCC_WARN_ABOUT_RETURN_TYPE = YES_ERROR;
				GCC_WARN_UNDECLARED_SELECTOR = YES;
				GCC_WARN_UNINITIALIZED_AUTOS = YES_AGGRESSIVE;
				GCC_WARN_UNUSED_FUNCTION = YES;
				GCC_WARN_UNUSED_VARIABLE = YES;
				IPHONEOS_DEPLOYMENT_TARGET = 13.2;
				MTL_ENABLE_DEBUG_INFO = NO;
				MTL_FAST_MATH = YES;
				SDKROOT = iphoneos;
				SWIFT_COMPILATION_MODE = wholemodule;
				SWIFT_OPTIMIZATION_LEVEL = "-O";
				VALIDATE_PRODUCT = YES;
			};
			name = Release;
		};
		919222F2245F199F0098982F /* Debug */ = {
			isa = XCBuildConfiguration;
			buildSettings = {
				ASSETCATALOG_COMPILER_APPICON_NAME = AppIcon;
				CODE_SIGN_STYLE = Automatic;
				DEVELOPMENT_TEAM = 6SU7A8H23Y;
				INFOPLIST_FILE = SwiftUtility/Info.plist;
				LD_RUNPATH_SEARCH_PATHS = (
					"$(inherited)",
					"@executable_path/Frameworks",
				);
				PRODUCT_BUNDLE_IDENTIFIER = com.eagle.SwiftUtility.SwiftUtility;
				PRODUCT_NAME = "$(TARGET_NAME)";
				SWIFT_VERSION = 5.0;
				TARGETED_DEVICE_FAMILY = "1,2";
			};
			name = Debug;
		};
		919222F3245F199F0098982F /* Release */ = {
			isa = XCBuildConfiguration;
			buildSettings = {
				ASSETCATALOG_COMPILER_APPICON_NAME = AppIcon;
				CODE_SIGN_STYLE = Automatic;
				DEVELOPMENT_TEAM = 6SU7A8H23Y;
				INFOPLIST_FILE = SwiftUtility/Info.plist;
				LD_RUNPATH_SEARCH_PATHS = (
					"$(inherited)",
					"@executable_path/Frameworks",
				);
				PRODUCT_BUNDLE_IDENTIFIER = com.eagle.SwiftUtility.SwiftUtility;
				PRODUCT_NAME = "$(TARGET_NAME)";
				SWIFT_VERSION = 5.0;
				TARGETED_DEVICE_FAMILY = "1,2";
			};
			name = Release;
		};
		919222F5245F199F0098982F /* Debug */ = {
			isa = XCBuildConfiguration;
			buildSettings = {
				ALWAYS_EMBED_SWIFT_STANDARD_LIBRARIES = YES;
				BUNDLE_LOADER = "$(TEST_HOST)";
				CODE_SIGN_STYLE = Automatic;
				DEVELOPMENT_TEAM = 6SU7A8H23Y;
				INFOPLIST_FILE = SwiftUtilityTests/Info.plist;
				IPHONEOS_DEPLOYMENT_TARGET = 13.2;
				LD_RUNPATH_SEARCH_PATHS = (
					"$(inherited)",
					"@executable_path/Frameworks",
					"@loader_path/Frameworks",
				);
				PRODUCT_BUNDLE_IDENTIFIER = com.eagle.SwiftUtility.SwiftUtilityTests;
				PRODUCT_NAME = "$(TARGET_NAME)";
				SWIFT_VERSION = 5.0;
				TARGETED_DEVICE_FAMILY = "1,2";
				TEST_HOST = "$(BUILT_PRODUCTS_DIR)/SwiftUtility.app/SwiftUtility";
			};
			name = Debug;
		};
		919222F6245F199F0098982F /* Release */ = {
			isa = XCBuildConfiguration;
			buildSettings = {
				ALWAYS_EMBED_SWIFT_STANDARD_LIBRARIES = YES;
				BUNDLE_LOADER = "$(TEST_HOST)";
				CODE_SIGN_STYLE = Automatic;
				DEVELOPMENT_TEAM = 6SU7A8H23Y;
				INFOPLIST_FILE = SwiftUtilityTests/Info.plist;
				IPHONEOS_DEPLOYMENT_TARGET = 13.2;
				LD_RUNPATH_SEARCH_PATHS = (
					"$(inherited)",
					"@executable_path/Frameworks",
					"@loader_path/Frameworks",
				);
				PRODUCT_BUNDLE_IDENTIFIER = com.eagle.SwiftUtility.SwiftUtilityTests;
				PRODUCT_NAME = "$(TARGET_NAME)";
				SWIFT_VERSION = 5.0;
				TARGETED_DEVICE_FAMILY = "1,2";
				TEST_HOST = "$(BUILT_PRODUCTS_DIR)/SwiftUtility.app/SwiftUtility";
			};
			name = Release;
		};
		919222F8245F199F0098982F /* Debug */ = {
			isa = XCBuildConfiguration;
			buildSettings = {
				ALWAYS_EMBED_SWIFT_STANDARD_LIBRARIES = YES;
				CODE_SIGN_STYLE = Automatic;
				DEVELOPMENT_TEAM = 6SU7A8H23Y;
				INFOPLIST_FILE = SwiftUtilityUITests/Info.plist;
				LD_RUNPATH_SEARCH_PATHS = (
					"$(inherited)",
					"@executable_path/Frameworks",
					"@loader_path/Frameworks",
				);
				PRODUCT_BUNDLE_IDENTIFIER = com.eagle.SwiftUtility.SwiftUtilityUITests;
				PRODUCT_NAME = "$(TARGET_NAME)";
				SWIFT_VERSION = 5.0;
				TARGETED_DEVICE_FAMILY = "1,2";
				TEST_TARGET_NAME = SwiftUtility;
			};
			name = Debug;
		};
		919222F9245F199F0098982F /* Release */ = {
			isa = XCBuildConfiguration;
			buildSettings = {
				ALWAYS_EMBED_SWIFT_STANDARD_LIBRARIES = YES;
				CODE_SIGN_STYLE = Automatic;
				DEVELOPMENT_TEAM = 6SU7A8H23Y;
				INFOPLIST_FILE = SwiftUtilityUITests/Info.plist;
				LD_RUNPATH_SEARCH_PATHS = (
					"$(inherited)",
					"@executable_path/Frameworks",
					"@loader_path/Frameworks",
				);
				PRODUCT_BUNDLE_IDENTIFIER = com.eagle.SwiftUtility.SwiftUtilityUITests;
				PRODUCT_NAME = "$(TARGET_NAME)";
				SWIFT_VERSION = 5.0;
				TARGETED_DEVICE_FAMILY = "1,2";
				TEST_TARGET_NAME = SwiftUtility;
			};
			name = Release;
		};
/* End XCBuildConfiguration section */

/* Begin XCConfigurationList section */
		919222C2245F199E0098982F /* Build configuration list for PBXProject "SwiftUtility" */ = {
			isa = XCConfigurationList;
			buildConfigurations = (
				919222EF245F199F0098982F /* Debug */,
				919222F0245F199F0098982F /* Release */,
			);
			defaultConfigurationIsVisible = 0;
			defaultConfigurationName = Release;
		};
		919222F1245F199F0098982F /* Build configuration list for PBXNativeTarget "SwiftUtility" */ = {
			isa = XCConfigurationList;
			buildConfigurations = (
				919222F2245F199F0098982F /* Debug */,
				919222F3245F199F0098982F /* Release */,
			);
			defaultConfigurationIsVisible = 0;
			defaultConfigurationName = Release;
		};
		919222F4245F199F0098982F /* Build configuration list for PBXNativeTarget "SwiftUtilityTests" */ = {
			isa = XCConfigurationList;
			buildConfigurations = (
				919222F5245F199F0098982F /* Debug */,
				919222F6245F199F0098982F /* Release */,
			);
			defaultConfigurationIsVisible = 0;
			defaultConfigurationName = Release;
		};
		919222F7245F199F0098982F /* Build configuration list for PBXNativeTarget "SwiftUtilityUITests" */ = {
			isa = XCConfigurationList;
			buildConfigurations = (
				919222F8245F199F0098982F /* Debug */,
				919222F9245F199F0098982F /* Release */,
			);
			defaultConfigurationIsVisible = 0;
			defaultConfigurationName = Release;
		};
/* End XCConfigurationList section */
	};
	rootObject = 919222BF245F199E0098982F /* Project object */;
}
